
Microsoft Visual Studio Solution File, Format Version 12.00
# Visual Studio Version 17
VisualStudioVersion = 17.2.32630.192
MinimumVisualStudioVersion = 10.0.40219.1
Project("{9A19103F-16F7-4668-BE54-9A1E7A4F7556}") = "HotelListing.API", "HotelListing.API\HotelListing.API.csproj", "{8C45AE7C-EB8B-4441-A51D-FD256236FD80}"
EndProject
Project("{FAE04EC0-301F-11D3-BF4B-00C04F79EFBC}") = "HotelListing.API.Data", "HotelListing.API.Data\HotelListing.API.Data.csproj", "{327241FD-3BF4-4569-9044-D8EAC81F80EC}"
EndProject
Project("{FAE04EC0-301F-11D3-BF4B-00C04F79EFBC}") = "HotelListing.API.Core", "HotelListing.API.Core\HotelListing.API.Core.csproj", "{EADF36FF-BBB8-41BE-83AB-639188A6AB1B}"
EndProject
Global
	GlobalSection(SolutionConfigurationPlatforms) = preSolution
		Debug|Any CPU = Debug|Any CPU
		Release|Any CPU = Release|Any CPU
	EndGlobalSection
	GlobalSection(ProjectConfigurationPlatforms) = postSolution
		{8C45AE7C-EB8B-4441-A51D-FD256236FD80}.Debug|Any CPU.ActiveCfg = Debug|Any CPU
		{8C45AE7C-EB8B-4441-A51D-FD256236FD80}.Debug|Any CPU.Build.0 = Debug|Any CPU
		{8C45AE7C-EB8B-4441-A51D-FD256236FD80}.Release|Any CPU.ActiveCfg = Release|Any CPU
		{8C45AE7C-EB8B-4441-A51D-FD256236FD80}.Release|Any CPU.Build.0 = Release|Any CPU
		{327241FD-3BF4-4569-9044-D8EAC81F80EC}.Debug|Any CPU.ActiveCfg = Debug|Any CPU
		{327241FD-3BF4-4569-9044-D8EAC81F80EC}.Debug|Any CPU.Build.0 = Debug|Any CPU
		{327241FD-3BF4-4569-9044-D8EAC81F80EC}.Release|Any CPU.ActiveCfg = Release|Any CPU
		{327241FD-3BF4-4569-9044-D8EAC81F80EC}.Release|Any CPU.Build.0 = Release|Any CPU
		{EADF36FF-BBB8-41BE-83AB-639188A6AB1B}.Debug|Any CPU.ActiveCfg = Debug|Any CPU
		{EADF36FF-BBB8-41BE-83AB-639188A6AB1B}.Debug|Any CPU.Build.0 = Debug|Any CPU
		{EADF36FF-BBB8-41BE-83AB-639188A6AB1B}.Release|Any CPU.ActiveCfg = Release|Any CPU
		{EADF36FF-BBB8-41BE-83AB-639188A6AB1B}.Release|Any CPU.Build.0 = Release|Any CPU
	EndGlobalSection
	GlobalSection(SolutionProperties) = preSolution
		HideSolutionNode = FALSE
	EndGlobalSection
	GlobalSection(ExtensibilityGlobals) = postSolution
		SolutionGuid = {D34EFF55-F5E4-4253-A57C-E0CB1E494F41}
	EndGlobalSection
EndGlobal
